{
  "version": "3",
  "packages": {
    "specifiers": {
      "npm:@reduxjs/toolkit": "npm:@reduxjs/toolkit@1.9.7_redux@4.2.1",
      "npm:preact": "npm:preact@10.19.2",
      "npm:preact-render-to-string": "npm:preact-render-to-string@6.3.1_preact@10.19.2",
      "npm:react": "npm:react@18.2.0",
      "npm:react-dom": "npm:react-dom@18.2.0_react@18.2.0",
      "npm:react-redux": "npm:react-redux@8.1.3_react@18.2.0",
      "npm:react-serialize": "npm:react-serialize@0.2.1_react@18.2.0"
    },
    "npm": {
      "@babel/runtime@7.23.4": {
        "integrity": "sha512-2Yv65nlWnWlSpe3fXEyX5i7fx5kIKo4Qbcj+hMO0odwaneFjfXw5fdum+4yL20O0QiaHpia0cYQ9xpNMqrBwHg==",
        "dependencies": {
          "regenerator-runtime": "regenerator-runtime@0.14.0"
        }
      },
      "@reduxjs/toolkit@1.9.7_redux@4.2.1": {
        "integrity": "sha512-t7v8ZPxhhKgOKtU+uyJT13lu4vL7az5aFi4IdoDs/eS548edn2M8Ik9h8fxgvMjGoAUVFSt6ZC1P5cWmQ014QQ==",
        "dependencies": {
          "immer": "immer@9.0.21",
          "redux": "redux@4.2.1",
          "redux-thunk": "redux-thunk@2.4.2_redux@4.2.1",
          "reselect": "reselect@4.1.8"
        }
      },
      "@types/hoist-non-react-statics@3.3.5": {
        "integrity": "sha512-SbcrWzkKBw2cdwRTwQAswfpB9g9LJWfjtUeW/jvNwbhC8cpmmNYVePa+ncbUe0rGTQ7G3Ff6mYUN2VMfLVr+Sg==",
        "dependencies": {
          "@types/react": "@types/react@18.2.39",
          "hoist-non-react-statics": "hoist-non-react-statics@3.3.2"
        }
      },
      "@types/prop-types@15.7.11": {
        "integrity": "sha512-ga8y9v9uyeiLdpKddhxYQkxNDrfvuPrlFb0N1qnZZByvcElJaXthF1UhvCh9TLWJBEHeNtdnbysW7Y6Uq8CVng==",
        "dependencies": {}
      },
      "@types/react@18.2.39": {
        "integrity": "sha512-Oiw+ppED6IremMInLV4HXGbfbG6GyziY3kqAwJYOR0PNbkYDmLWQA3a95EhdSmamsvbkJN96ZNN+YD+fGjzSBA==",
        "dependencies": {
          "@types/prop-types": "@types/prop-types@15.7.11",
          "@types/scheduler": "@types/scheduler@0.16.8",
          "csstype": "csstype@3.1.2"
        }
      },
      "@types/scheduler@0.16.8": {
        "integrity": "sha512-WZLiwShhwLRmeV6zH+GkbOFT6Z6VklCItrDioxUnv+u4Ll+8vKeFySoFyK/0ctcRpOmwAicELfmys1sDc/Rw+A==",
        "dependencies": {}
      },
      "@types/use-sync-external-store@0.0.3": {
        "integrity": "sha512-EwmlvuaxPNej9+T4v5AuBPJa2x2UOJVdjCtDHgcDqitUeOtjnJKJ+apYjVcAoBEMjKW1VVFGZLUb5+qqa09XFA==",
        "dependencies": {}
      },
      "csstype@3.1.2": {
        "integrity": "sha512-I7K1Uu0MBPzaFKg4nI5Q7Vs2t+3gWWW648spaF+Rg7pI9ds18Ugn+lvg4SHczUdKlHI5LWBXyqfS8+DufyBsgQ==",
        "dependencies": {}
      },
      "hoist-non-react-statics@3.3.2": {
        "integrity": "sha512-/gGivxi8JPKWNm/W0jSmzcMPpfpPLc3dY/6GxhX2hQ9iGj3aDfklV4ET7NjKpSinLpJ5vafa9iiGIEZg10SfBw==",
        "dependencies": {
          "react-is": "react-is@16.13.1"
        }
      },
      "immer@9.0.21": {
        "integrity": "sha512-bc4NBHqOqSfRW7POMkHd51LvClaeMXpm8dx0e8oE2GORbq5aRK7Bxl4FyzVLdGtLmvLKL7BTDBG5ACQm4HWjTA==",
        "dependencies": {}
      },
      "js-tokens@4.0.0": {
        "integrity": "sha512-RdJUflcE3cUzKiMqQgsCu06FPu9UdIJO0beYbPhHN4k6apgJtifcoCtT9bcxOpYBtpD2kCM6Sbzg4CausW/PKQ==",
        "dependencies": {}
      },
      "loose-envify@1.4.0": {
        "integrity": "sha512-lyuxPGr/Wfhrlem2CL/UcnUc1zcqKAImBDzukY7Y5F/yQiNdko6+fRLevlw1HgMySw7f611UIY408EtxRSoK3Q==",
        "dependencies": {
          "js-tokens": "js-tokens@4.0.0"
        }
      },
      "preact-render-to-string@6.3.1_preact@10.19.2": {
        "integrity": "sha512-NQ28WrjLtWY6lKDlTxnFpKHZdpjfF+oE6V4tZ0rTrunHrtZp6Dm0oFrcJalt/5PNeqJz4j1DuZDS0Y6rCBoqDA==",
        "dependencies": {
          "preact": "preact@10.19.2",
          "pretty-format": "pretty-format@3.8.0"
        }
      },
      "preact@10.19.2": {
        "integrity": "sha512-UA9DX/OJwv6YwP9Vn7Ti/vF80XL+YA5H2l7BpCtUr3ya8LWHFzpiO5R+N7dN16ujpIxhekRFuOOF82bXX7K/lg==",
        "dependencies": {}
      },
      "pretty-format@3.8.0": {
        "integrity": "sha512-WuxUnVtlWL1OfZFQFuqvnvs6MiAGk9UNsBostyBOB0Is9wb5uRESevA6rnl/rkksXaGX3GzZhPup5d6Vp1nFew==",
        "dependencies": {}
      },
      "react-dom@18.2.0_react@18.2.0": {
        "integrity": "sha512-6IMTriUmvsjHUjNtEDudZfuDQUoWXVxKHhlEGSk81n4YFS+r/Kl99wXiwlVXtPBtJenozv2P+hxDsw9eA7Xo6g==",
        "dependencies": {
          "loose-envify": "loose-envify@1.4.0",
          "react": "react@18.2.0",
          "scheduler": "scheduler@0.23.0"
        }
      },
      "react-is@16.13.1": {
        "integrity": "sha512-24e6ynE2H+OKt4kqsOvNd8kBpV65zoxbA4BVsEOB3ARVWQki/DHzaUoC5KuON/BiccDaCCTZBuOcfZs70kR8bQ==",
        "dependencies": {}
      },
      "react-is@18.2.0": {
        "integrity": "sha512-xWGDIW6x921xtzPkhiULtthJHoJvBbF3q26fzloPCK0hsvxtPVelvftw3zjbHWSkR2km9Z+4uxbDDK/6Zw9B8w==",
        "dependencies": {}
      },
      "react-redux@8.1.3_react@18.2.0": {
        "integrity": "sha512-n0ZrutD7DaX/j9VscF+uTALI3oUPa/pO4Z3soOBIjuRn/FzVu6aehhysxZCLi6y7duMf52WNZGMl7CtuK5EnRw==",
        "dependencies": {
          "@babel/runtime": "@babel/runtime@7.23.4",
          "@types/hoist-non-react-statics": "@types/hoist-non-react-statics@3.3.5",
          "@types/use-sync-external-store": "@types/use-sync-external-store@0.0.3",
          "hoist-non-react-statics": "hoist-non-react-statics@3.3.2",
          "react": "react@18.2.0",
          "react-is": "react-is@18.2.0",
          "use-sync-external-store": "use-sync-external-store@1.2.0_react@18.2.0"
        }
      },
      "react-serialize@0.2.1_react@18.2.0": {
        "integrity": "sha512-oTt/9xxrBt+7KxCrhZqmF3nZTGRNpb0d55eXnzApgeYXA7uVrZAfyhTAf/vvzxYP4JOSQUTNI/Hs4GdxMys3Sg==",
        "dependencies": {
          "react": "react@18.2.0"
        }
      },
      "react@18.2.0": {
        "integrity": "sha512-/3IjMdb2L9QbBdWiW5e3P2/npwMBaU9mHCSCUzNln0ZCYbcfTsGbTJrU/kGemdH2IWmB2ioZ+zkxtmq6g09fGQ==",
        "dependencies": {
          "loose-envify": "loose-envify@1.4.0"
        }
      },
      "redux-thunk@2.4.2_redux@4.2.1": {
        "integrity": "sha512-+P3TjtnP0k/FEjcBL5FZpoovtvrTNT/UXd4/sluaSyrURlSlhLSzEdfsTBW7WsKB6yPvgd7q/iZPICFjW4o57Q==",
        "dependencies": {
          "redux": "redux@4.2.1"
        }
      },
      "redux@4.2.1": {
        "integrity": "sha512-LAUYz4lc+Do8/g7aeRa8JkyDErK6ekstQaqWQrNRW//MY1TvCEpMtpTWvlQ+FPbWCx+Xixu/6SHt5N0HR+SB4w==",
        "dependencies": {
          "@babel/runtime": "@babel/runtime@7.23.4"
        }
      },
      "regenerator-runtime@0.14.0": {
        "integrity": "sha512-srw17NI0TUWHuGa5CFGGmhfNIeja30WMBfbslPNhf6JrqQlLN5gcrvig1oqPxiVaXb0oW0XRKtH6Nngs5lKCIA==",
        "dependencies": {}
      },
      "reselect@4.1.8": {
        "integrity": "sha512-ab9EmR80F/zQTMNeneUr4cv+jSwPJgIlvEmVwLerwrWVbpLlBuls9XHzIeTFy4cegU2NHBp3va0LKOzU5qFEYQ==",
        "dependencies": {}
      },
      "scheduler@0.23.0": {
        "integrity": "sha512-CtuThmgHNg7zIZWAXi3AsyIzA3n4xx7aNyjwC2VJldO2LMVDhFK+63xGqq6CsJH4rTAt6/M+N4GhZiDYPx9eUw==",
        "dependencies": {
          "loose-envify": "loose-envify@1.4.0"
        }
      },
      "use-sync-external-store@1.2.0_react@18.2.0": {
        "integrity": "sha512-eEgnFxGQ1Ife9bzYs6VLi8/4X6CObHMw9Qr9tPY43iKwsPw8xE8+EFsf/2cFZ5S3esXgpWgtSCtLNS41F+sKPA==",
        "dependencies": {
          "react": "react@18.2.0"
        }
      }
    }
  },
  "remote": {
    "https://cdn.skypack.dev/-/preact@v10.19.2-wGVL8vmTvvXc7s8RWkWZ/dist=es2019,mode=imports/optimized/preact.js": "883470b929486864d9f07d4ddc47ad67e65ed3f425b4939da8bd26170775e904",
    "https://cdn.skypack.dev/-/preact@v10.19.2-wGVL8vmTvvXc7s8RWkWZ/dist=es2019,mode=imports/optimized/preact/jsx-dev-runtime.js": "c2a06218e4e4a85d31c9809f7ca6b11eb8e7435bf975d06f3ac9204b7bf4b5ff",
    "https://cdn.skypack.dev/-/preact@v10.19.2-wGVL8vmTvvXc7s8RWkWZ/dist=es2019,mode=imports/optimized/preact/jsx-runtime.js": "925998d8c7b8005955dd7bd5200bc3a5ee2cac697f1d27c98b08559dbf58bf91",
    "https://cdn.skypack.dev/preact/jsx-runtime?dts": "0b2663c3701a4cc8c5233465cb8a621dc882e19de922ab71c28c5649bd81b45e",
    "https://deno.land/std@0.208.0/assert/_constants.ts": "8a9da298c26750b28b326b297316cdde860bc237533b07e1337c021379e6b2a9",
    "https://deno.land/std@0.208.0/assert/_diff.ts": "58e1461cc61d8eb1eacbf2a010932bf6a05b79344b02ca38095f9b805795dc48",
    "https://deno.land/std@0.208.0/assert/_format.ts": "a69126e8a469009adf4cf2a50af889aca364c349797e63174884a52ff75cf4c7",
    "https://deno.land/std@0.208.0/assert/assert.ts": "9a97dad6d98c238938e7540736b826440ad8c1c1e54430ca4c4e623e585607ee",
    "https://deno.land/std@0.208.0/assert/assert_almost_equals.ts": "e15ca1f34d0d5e0afae63b3f5d975cbd18335a132e42b0c747d282f62ad2cd6c",
    "https://deno.land/std@0.208.0/assert/assert_array_includes.ts": "6856d7f2c3544bc6e62fb4646dfefa3d1df5ff14744d1bca19f0cbaf3b0d66c9",
    "https://deno.land/std@0.208.0/assert/assert_equals.ts": "d8ec8a22447fbaf2fc9d7c3ed2e66790fdb74beae3e482855d75782218d68227",
    "https://deno.land/std@0.208.0/assert/assert_exists.ts": "407cb6b9fb23a835cd8d5ad804e2e2edbbbf3870e322d53f79e1c7a512e2efd7",
    "https://deno.land/std@0.208.0/assert/assert_false.ts": "0ccbcaae910f52c857192ff16ea08bda40fdc79de80846c206bfc061e8c851c6",
    "https://deno.land/std@0.208.0/assert/assert_greater.ts": "ae2158a2d19313bf675bf7251d31c6dc52973edb12ac64ac8fc7064152af3e63",
    "https://deno.land/std@0.208.0/assert/assert_greater_or_equal.ts": "1439da5ebbe20855446cac50097ac78b9742abe8e9a43e7de1ce1426d556e89c",
    "https://deno.land/std@0.208.0/assert/assert_instance_of.ts": "3aedb3d8186e120812d2b3a5dea66a6e42bf8c57a8bd927645770bd21eea554c",
    "https://deno.land/std@0.208.0/assert/assert_is_error.ts": "c21113094a51a296ffaf036767d616a78a2ae5f9f7bbd464cd0197476498b94b",
    "https://deno.land/std@0.208.0/assert/assert_less.ts": "aec695db57db42ec3e2b62e97e1e93db0063f5a6ec133326cc290ff4b71b47e4",
    "https://deno.land/std@0.208.0/assert/assert_less_or_equal.ts": "5fa8b6a3ffa20fd0a05032fe7257bf985d207b85685fdbcd23651b70f928c848",
    "https://deno.land/std@0.208.0/assert/assert_match.ts": "c4083f80600bc190309903c95e397a7c9257ff8b5ae5c7ef91e834704e672e9b",
    "https://deno.land/std@0.208.0/assert/assert_not_equals.ts": "9f1acab95bd1f5fc9a1b17b8027d894509a745d91bac1718fdab51dc76831754",
    "https://deno.land/std@0.208.0/assert/assert_not_instance_of.ts": "0c14d3dfd9ab7a5276ed8ed0b18c703d79a3d106102077ec437bfe7ed912bd22",
    "https://deno.land/std@0.208.0/assert/assert_not_match.ts": "3796a5b0c57a1ce6c1c57883dd4286be13a26f715ea662318ab43a8491a13ab0",
    "https://deno.land/std@0.208.0/assert/assert_not_strict_equals.ts": "4cdef83df17488df555c8aac1f7f5ec2b84ad161b6d0645ccdbcc17654e80c99",
    "https://deno.land/std@0.208.0/assert/assert_object_match.ts": "d8fc2867cfd92eeacf9cea621e10336b666de1874a6767b5ec48988838370b54",
    "https://deno.land/std@0.208.0/assert/assert_rejects.ts": "45c59724de2701e3b1f67c391d6c71c392363635aad3f68a1b3408f9efca0057",
    "https://deno.land/std@0.208.0/assert/assert_strict_equals.ts": "b1f538a7ea5f8348aeca261d4f9ca603127c665e0f2bbfeb91fa272787c87265",
    "https://deno.land/std@0.208.0/assert/assert_string_includes.ts": "b821d39ebf5cb0200a348863c86d8c4c4b398e02012ce74ad15666fc4b631b0c",
    "https://deno.land/std@0.208.0/assert/assert_throws.ts": "63784e951475cb7bdfd59878cd25a0931e18f6dc32a6077c454b2cd94f4f4bcd",
    "https://deno.land/std@0.208.0/assert/assertion_error.ts": "4d0bde9b374dfbcbe8ac23f54f567b77024fb67dbb1906a852d67fe050d42f56",
    "https://deno.land/std@0.208.0/assert/equal.ts": "9f1a46d5993966d2596c44e5858eec821859b45f783a5ee2f7a695dfc12d8ece",
    "https://deno.land/std@0.208.0/assert/fail.ts": "c36353d7ae6e1f7933d45f8ea51e358c8c4b67d7e7502028598fe1fea062e278",
    "https://deno.land/std@0.208.0/assert/mod.ts": "37c49a26aae2b254bbe25723434dc28cd7532e444cf0b481a97c045d110ec085",
    "https://deno.land/std@0.208.0/assert/unimplemented.ts": "d56fbeecb1f108331a380f72e3e010a1f161baa6956fd0f7cf3e095ae1a4c75a",
    "https://deno.land/std@0.208.0/assert/unreachable.ts": "4600dc0baf7d9c15a7f7d234f00c23bca8f3eba8b140286aaca7aa998cf9a536",
    "https://deno.land/std@0.208.0/fmt/colors.ts": "34b3f77432925eb72cf0bfb351616949746768620b8e5ead66da532f93d10ba2"
  }
}
